
Microsoft Visual Studio Solution File, Format Version 12.00
# Visual Studio Version 16
VisualStudioVersion = 16.0.31129.286
MinimumVisualStudioVersion = 10.0.40219.1
Project("{FAE04EC0-301F-11D3-BF4B-00C04F79EFBC}") = "Milo", "Milo\Milo\Milo.csproj", "{E107F7FF-BCE0-48A6-8790-31B782F99F57}"
EndProject
Project("{FAE04EC0-301F-11D3-BF4B-00C04F79EFBC}") = "Milo.Android", "Milo\Milo.Android\Milo.Android.csproj", "{4F598C52-4292-48A7-B7A0-8696DC82E1FD}"
EndProject
Project("{FAE04EC0-301F-11D3-BF4B-00C04F79EFBC}") = "Milo.iOS", "Milo\Milo.iOS\Milo.iOS.csproj", "{6B189C85-7A0B-4B52-B3D3-E1B4F7AB59E7}"
EndProject
Project("{FAE04EC0-301F-11D3-BF4B-00C04F79EFBC}") = "Milo.UWP", "Milo\Milo.UWP\Milo.UWP.csproj", "{BFB87117-D0D1-4263-8823-A8A3E9435790}"
EndProject
Global
	GlobalSection(SolutionConfigurationPlatforms) = preSolution
		Ad-Hoc|Any CPU = Ad-Hoc|Any CPU
		Ad-Hoc|ARM = Ad-Hoc|ARM
		Ad-Hoc|iPhone = Ad-Hoc|iPhone
		Ad-Hoc|iPhoneSimulator = Ad-Hoc|iPhoneSimulator
		Ad-Hoc|x64 = Ad-Hoc|x64
		Ad-Hoc|x86 = Ad-Hoc|x86
		AppStore|Any CPU = AppStore|Any CPU
		AppStore|ARM = AppStore|ARM
		AppStore|iPhone = AppStore|iPhone
		AppStore|iPhoneSimulator = AppStore|iPhoneSimulator
		AppStore|x64 = AppStore|x64
		AppStore|x86 = AppStore|x86
		Debug|Any CPU = Debug|Any CPU
		Debug|ARM = Debug|ARM
		Debug|iPhone = Debug|iPhone
		Debug|iPhoneSimulator = Debug|iPhoneSimulator
		Debug|x64 = Debug|x64
		Debug|x86 = Debug|x86
		Release|Any CPU = Release|Any CPU
		Release|ARM = Release|ARM
		Release|iPhone = Release|iPhone
		Release|iPhoneSimulator = Release|iPhoneSimulator
		Release|x64 = Release|x64
		Release|x86 = Release|x86
	EndGlobalSection
	GlobalSection(ProjectConfigurationPlatforms) = postSolution
		{E107F7FF-BCE0-48A6-8790-31B782F99F57}.Ad-Hoc|Any CPU.ActiveCfg = Debug|Any CPU
		{E107F7FF-BCE0-48A6-8790-31B782F99F57}.Ad-Hoc|Any CPU.Build.0 = Debug|Any CPU
		{E107F7FF-BCE0-48A6-8790-31B782F99F57}.Ad-Hoc|ARM.ActiveCfg = Debug|Any CPU
		{E107F7FF-BCE0-48A6-8790-31B782F99F57}.Ad-Hoc|ARM.Build.0 = Debug|Any CPU
		{E107F7FF-BCE0-48A6-8790-31B782F99F57}.Ad-Hoc|iPhone.ActiveCfg = Debug|Any CPU
		{E107F7FF-BCE0-48A6-8790-31B782F99F57}.Ad-Hoc|iPhone.Build.0 = Debug|Any CPU
		{E107F7FF-BCE0-48A6-8790-31B782F99F57}.Ad-Hoc|iPhoneSimulator.ActiveCfg = Debug|Any CPU
		{E107F7FF-BCE0-48A6-8790-31B782F99F57}.Ad-Hoc|iPhoneSimulator.Build.0 = Debug|Any CPU
		{E107F7FF-BCE0-48A6-8790-31B782F99F57}.Ad-Hoc|x64.ActiveCfg = Debug|Any CPU
		{E107F7FF-BCE0-48A6-8790-31B782F99F57}.Ad-Hoc|x64.Build.0 = Debug|Any CPU
		{E107F7FF-BCE0-48A6-8790-31B782F99F57}.Ad-Hoc|x86.ActiveCfg = Debug|Any CPU
		{E107F7FF-BCE0-48A6-8790-31B782F99F57}.Ad-Hoc|x86.Build.0 = Debug|Any CPU
		{E107F7FF-BCE0-48A6-8790-31B782F99F57}.AppStore|Any CPU.ActiveCfg = Debug|Any CPU
		{E107F7FF-BCE0-48A6-8790-31B782F99F57}.AppStore|Any CPU.Build.0 = Debug|Any CPU
		{E107F7FF-BCE0-48A6-8790-31B782F99F57}.AppStore|ARM.ActiveCfg = Debug|Any CPU
		{E107F7FF-BCE0-48A6-8790-31B782F99F57}.AppStore|ARM.Build.0 = Debug|Any CPU
		{E107F7FF-BCE0-48A6-8790-31B782F99F57}.AppStore|iPhone.ActiveCfg = Debug|Any CPU
		{E107F7FF-BCE0-48A6-8790-31B782F99F57}.AppStore|iPhone.Build.0 = Debug|Any CPU
		{E107F7FF-BCE0-48A6-8790-31B782F99F57}.AppStore|iPhoneSimulator.ActiveCfg = Debug|Any CPU
		{E107F7FF-BCE0-48A6-8790-31B782F99F57}.AppStore|iPhoneSimulator.Build.0 = Debug|Any CPU
		{E107F7FF-BCE0-48A6-8790-31B782F99F57}.AppStore|x64.ActiveCfg = Debug|Any CPU
		{E107F7FF-BCE0-48A6-8790-31B782F99F57}.AppStore|x64.Build.0 = Debug|Any CPU
		{E107F7FF-BCE0-48A6-8790-31B782F99F57}.AppStore|x86.ActiveCfg = Debug|Any CPU
		{E107F7FF-BCE0-48A6-8790-31B782F99F57}.AppStore|x86.Build.0 = Debug|Any CPU
		{E107F7FF-BCE0-48A6-8790-31B782F99F57}.Debug|Any CPU.ActiveCfg = Debug|Any CPU
		{E107F7FF-BCE0-48A6-8790-31B782F99F57}.Debug|Any CPU.Build.0 = Debug|Any CPU
		{E107F7FF-BCE0-48A6-8790-31B782F99F57}.Debug|ARM.ActiveCfg = Debug|Any CPU
		{E107F7FF-BCE0-48A6-8790-31B782F99F57}.Debug|ARM.Build.0 = Debug|Any CPU
		{E107F7FF-BCE0-48A6-8790-31B782F99F57}.Debug|iPhone.ActiveCfg = Debug|Any CPU
		{E107F7FF-BCE0-48A6-8790-31B782F99F57}.Debug|iPhone.Build.0 = Debug|Any CPU
		{E107F7FF-BCE0-48A6-8790-31B782F99F57}.Debug|iPhoneSimulator.ActiveCfg = Debug|Any CPU
		{E107F7FF-BCE0-48A6-8790-31B782F99F57}.Debug|iPhoneSimulator.Build.0 = Debug|Any CPU
		{E107F7FF-BCE0-48A6-8790-31B782F99F57}.Debug|x64.ActiveCfg = Debug|Any CPU
		{E107F7FF-BCE0-48A6-8790-31B782F99F57}.Debug|x64.Build.0 = Debug|Any CPU
		{E107F7FF-BCE0-48A6-8790-31B782F99F57}.Debug|x86.ActiveCfg = Debug|Any CPU
		{E107F7FF-BCE0-48A6-8790-31B782F99F57}.Debug|x86.Build.0 = Debug|Any CPU
		{E107F7FF-BCE0-48A6-8790-31B782F99F57}.Release|Any CPU.ActiveCfg = Release|Any CPU
		{E107F7FF-BCE0-48A6-8790-31B782F99F57}.Release|Any CPU.Build.0 = Release|Any CPU
		{E107F7FF-BCE0-48A6-8790-31B782F99F57}.Release|ARM.ActiveCfg = Release|Any CPU
		{E107F7FF-BCE0-48A6-8790-31B782F99F57}.Release|ARM.Build.0 = Release|Any CPU
		{E107F7FF-BCE0-48A6-8790-31B782F99F57}.Release|iPhone.ActiveCfg = Release|Any CPU
		{E107F7FF-BCE0-48A6-8790-31B782F99F57}.Release|iPhone.Build.0 = Release|Any CPU
		{E107F7FF-BCE0-48A6-8790-31B782F99F57}.Release|iPhoneSimulator.ActiveCfg = Release|Any CPU
		{E107F7FF-BCE0-48A6-8790-31B782F99F57}.Release|iPhoneSimulator.Build.0 = Release|Any CPU
		{E107F7FF-BCE0-48A6-8790-31B782F99F57}.Release|x64.ActiveCfg = Release|Any CPU
		{E107F7FF-BCE0-48A6-8790-31B782F99F57}.Release|x64.Build.0 = Release|Any CPU
		{E107F7FF-BCE0-48A6-8790-31B782F99F57}.Release|x86.ActiveCfg = Release|Any CPU
		{E107F7FF-BCE0-48A6-8790-31B782F99F57}.Release|x86.Build.0 = Release|Any CPU
		{4F598C52-4292-48A7-B7A0-8696DC82E1FD}.Ad-Hoc|Any CPU.ActiveCfg = Debug|Any CPU
		{4F598C52-4292-48A7-B7A0-8696DC82E1FD}.Ad-Hoc|Any CPU.Build.0 = Debug|Any CPU
		{4F598C52-4292-48A7-B7A0-8696DC82E1FD}.Ad-Hoc|Any CPU.Deploy.0 = Debug|Any CPU
		{4F598C52-4292-48A7-B7A0-8696DC82E1FD}.Ad-Hoc|ARM.ActiveCfg = Debug|Any CPU
		{4F598C52-4292-48A7-B7A0-8696DC82E1FD}.Ad-Hoc|ARM.Build.0 = Debug|Any CPU
		{4F598C52-4292-48A7-B7A0-8696DC82E1FD}.Ad-Hoc|ARM.Deploy.0 = Debug|Any CPU
		{4F598C52-4292-48A7-B7A0-8696DC82E1FD}.Ad-Hoc|iPhone.ActiveCfg = Debug|Any CPU
		{4F598C52-4292-48A7-B7A0-8696DC82E1FD}.Ad-Hoc|iPhone.Build.0 = Debug|Any CPU
		{4F598C52-4292-48A7-B7A0-8696DC82E1FD}.Ad-Hoc|iPhone.Deploy.0 = Debug|Any CPU
		{4F598C52-4292-48A7-B7A0-8696DC82E1FD}.Ad-Hoc|iPhoneSimulator.ActiveCfg = Debug|Any CPU
		{4F598C52-4292-48A7-B7A0-8696DC82E1FD}.Ad-Hoc|iPhoneSimulator.Build.0 = Debug|Any CPU
		{4F598C52-4292-48A7-B7A0-8696DC82E1FD}.Ad-Hoc|iPhoneSimulator.Deploy.0 = Debug|Any CPU
		{4F598C52-4292-48A7-B7A0-8696DC82E1FD}.Ad-Hoc|x64.ActiveCfg = Debug|Any CPU
		{4F598C52-4292-48A7-B7A0-8696DC82E1FD}.Ad-Hoc|x64.Build.0 = Debug|Any CPU
		{4F598C52-4292-48A7-B7A0-8696DC82E1FD}.Ad-Hoc|x64.Deploy.0 = Debug|Any CPU
		{4F598C52-4292-48A7-B7A0-8696DC82E1FD}.Ad-Hoc|x86.ActiveCfg = Debug|Any CPU
		{4F598C52-4292-48A7-B7A0-8696DC82E1FD}.Ad-Hoc|x86.Build.0 = Debug|Any CPU
		{4F598C52-4292-48A7-B7A0-8696DC82E1FD}.Ad-Hoc|x86.Deploy.0 = Debug|Any CPU
		{4F598C52-4292-48A7-B7A0-8696DC82E1FD}.AppStore|Any CPU.ActiveCfg = Debug|Any CPU
		{4F598C52-4292-48A7-B7A0-8696DC82E1FD}.AppStore|Any CPU.Build.0 = Debug|Any CPU
		{4F598C52-4292-48A7-B7A0-8696DC82E1FD}.AppStore|Any CPU.Deploy.0 = Debug|Any CPU
		{4F598C52-4292-48A7-B7A0-8696DC82E1FD}.AppStore|ARM.ActiveCfg = Debug|Any CPU
		{4F598C52-4292-48A7-B7A0-8696DC82E1FD}.AppStore|ARM.Build.0 = Debug|Any CPU
		{4F598C52-4292-48A7-B7A0-8696DC82E1FD}.AppStore|ARM.Deploy.0 = Debug|Any CPU
		{4F598C52-4292-48A7-B7A0-8696DC82E1FD}.AppStore|iPhone.ActiveCfg = Debug|Any CPU
		{4F598C52-4292-48A7-B7A0-8696DC82E1FD}.AppStore|iPhone.Build.0 = Debug|Any CPU
		{4F598C52-4292-48A7-B7A0-8696DC82E1FD}.AppStore|iPhone.Deploy.0 = Debug|Any CPU
		{4F598C52-4292-48A7-B7A0-8696DC82E1FD}.AppStore|iPhoneSimulator.ActiveCfg = Debug|Any CPU
		{4F598C52-4292-48A7-B7A0-8696DC82E1FD}.AppStore|iPhoneSimulator.Build.0 = Debug|Any CPU
		{4F598C52-4292-48A7-B7A0-8696DC82E1FD}.AppStore|iPhoneSimulator.Deploy.0 = Debug|Any CPU
		{4F598C52-4292-48A7-B7A0-8696DC82E1FD}.AppStore|x64.ActiveCfg = Debug|Any CPU
		{4F598C52-4292-48A7-B7A0-8696DC82E1FD}.AppStore|x64.Build.0 = Debug|Any CPU
		{4F598C52-4292-48A7-B7A0-8696DC82E1FD}.AppStore|x64.Deploy.0 = Debug|Any CPU
		{4F598C52-4292-48A7-B7A0-8696DC82E1FD}.AppStore|x86.ActiveCfg = Debug|Any CPU
		{4F598C52-4292-48A7-B7A0-8696DC82E1FD}.AppStore|x86.Build.0 = Debug|Any CPU
		{4F598C52-4292-48A7-B7A0-8696DC82E1FD}.AppStore|x86.Deploy.0 = Debug|Any CPU
		{4F598C52-4292-48A7-B7A0-8696DC82E1FD}.Debug|Any CPU.ActiveCfg = Debug|Any CPU
		{4F598C52-4292-48A7-B7A0-8696DC82E1FD}.Debug|Any CPU.Build.0 = Debug|Any CPU
		{4F598C52-4292-48A7-B7A0-8696DC82E1FD}.Debug|Any CPU.Deploy.0 = Debug|Any CPU
		{4F598C52-4292-48A7-B7A0-8696DC82E1FD}.Debug|ARM.ActiveCfg = Debug|Any CPU
		{4F598C52-4292-48A7-B7A0-8696DC82E1FD}.Debug|ARM.Build.0 = Debug|Any CPU
		{4F598C52-4292-48A7-B7A0-8696DC82E1FD}.Debug|ARM.Deploy.0 = Debug|Any CPU
		{4F598C52-4292-48A7-B7A0-8696DC82E1FD}.Debug|iPhone.ActiveCfg = Debug|Any CPU
		{4F598C52-4292-48A7-B7A0-8696DC82E1FD}.Debug|iPhone.Build.0 = Debug|Any CPU
		{4F598C52-4292-48A7-B7A0-8696DC82E1FD}.Debug|iPhone.Deploy.0 = Debug|Any CPU
		{4F598C52-4292-48A7-B7A0-8696DC82E1FD}.Debug|iPhoneSimulator.ActiveCfg = Debug|Any CPU
		{4F598C52-4292-48A7-B7A0-8696DC82E1FD}.Debug|iPhoneSimulator.Build.0 = Debug|Any CPU
		{4F598C52-4292-48A7-B7A0-8696DC82E1FD}.Debug|iPhoneSimulator.Deploy.0 = Debug|Any CPU
		{4F598C52-4292-48A7-B7A0-8696DC82E1FD}.Debug|x64.ActiveCfg = Debug|Any CPU
		{4F598C52-4292-48A7-B7A0-8696DC82E1FD}.Debug|x64.Build.0 = Debug|Any CPU
		{4F598C52-4292-48A7-B7A0-8696DC82E1FD}.Debug|x64.Deploy.0 = Debug|Any CPU
		{4F598C52-4292-48A7-B7A0-8696DC82E1FD}.Debug|x86.ActiveCfg = Debug|Any CPU
		{4F598C52-4292-48A7-B7A0-8696DC82E1FD}.Debug|x86.Build.0 = Debug|Any CPU
		{4F598C52-4292-48A7-B7A0-8696DC82E1FD}.Debug|x86.Deploy.0 = Debug|Any CPU
		{4F598C52-4292-48A7-B7A0-8696DC82E1FD}.Release|Any CPU.ActiveCfg = Release|Any CPU
		{4F598C52-4292-48A7-B7A0-8696DC82E1FD}.Release|Any CPU.Build.0 = Release|Any CPU
		{4F598C52-4292-48A7-B7A0-8696DC82E1FD}.Release|Any CPU.Deploy.0 = Release|Any CPU
		{4F598C52-4292-48A7-B7A0-8696DC82E1FD}.Release|ARM.ActiveCfg = Release|Any CPU
		{4F598C52-4292-48A7-B7A0-8696DC82E1FD}.Release|ARM.Build.0 = Release|Any CPU
		{4F598C52-4292-48A7-B7A0-8696DC82E1FD}.Release|ARM.Deploy.0 = Release|Any CPU
		{4F598C52-4292-48A7-B7A0-8696DC82E1FD}.Release|iPhone.ActiveCfg = Release|Any CPU
		{4F598C52-4292-48A7-B7A0-8696DC82E1FD}.Release|iPhone.Build.0 = Release|Any CPU
		{4F598C52-4292-48A7-B7A0-8696DC82E1FD}.Release|iPhone.Deploy.0 = Release|Any CPU
		{4F598C52-4292-48A7-B7A0-8696DC82E1FD}.Release|iPhoneSimulator.ActiveCfg = Release|Any CPU
		{4F598C52-4292-48A7-B7A0-8696DC82E1FD}.Release|iPhoneSimulator.Build.0 = Release|Any CPU
		{4F598C52-4292-48A7-B7A0-8696DC82E1FD}.Release|iPhoneSimulator.Deploy.0 = Release|Any CPU
		{4F598C52-4292-48A7-B7A0-8696DC82E1FD}.Release|x64.ActiveCfg = Release|Any CPU
		{4F598C52-4292-48A7-B7A0-8696DC82E1FD}.Release|x64.Build.0 = Release|Any CPU
		{4F598C52-4292-48A7-B7A0-8696DC82E1FD}.Release|x64.Deploy.0 = Release|Any CPU
		{4F598C52-4292-48A7-B7A0-8696DC82E1FD}.Release|x86.ActiveCfg = Release|Any CPU
		{4F598C52-4292-48A7-B7A0-8696DC82E1FD}.Release|x86.Build.0 = Release|Any CPU
		{4F598C52-4292-48A7-B7A0-8696DC82E1FD}.Release|x86.Deploy.0 = Release|Any CPU
		{6B189C85-7A0B-4B52-B3D3-E1B4F7AB59E7}.Ad-Hoc|Any CPU.ActiveCfg = Ad-Hoc|iPhoneSimulator
		{6B189C85-7A0B-4B52-B3D3-E1B4F7AB59E7}.Ad-Hoc|ARM.ActiveCfg = Ad-Hoc|iPhoneSimulator
		{6B189C85-7A0B-4B52-B3D3-E1B4F7AB59E7}.Ad-Hoc|iPhone.ActiveCfg = Ad-Hoc|iPhone
		{6B189C85-7A0B-4B52-B3D3-E1B4F7AB59E7}.Ad-Hoc|iPhone.Build.0 = Ad-Hoc|iPhone
		{6B189C85-7A0B-4B52-B3D3-E1B4F7AB59E7}.Ad-Hoc|iPhoneSimulator.ActiveCfg = Ad-Hoc|iPhoneSimulator
		{6B189C85-7A0B-4B52-B3D3-E1B4F7AB59E7}.Ad-Hoc|iPhoneSimulator.Build.0 = Ad-Hoc|iPhoneSimulator
		{6B189C85-7A0B-4B52-B3D3-E1B4F7AB59E7}.Ad-Hoc|x64.ActiveCfg = Ad-Hoc|iPhoneSimulator
		{6B189C85-7A0B-4B52-B3D3-E1B4F7AB59E7}.Ad-Hoc|x86.ActiveCfg = Ad-Hoc|iPhoneSimulator
		{6B189C85-7A0B-4B52-B3D3-E1B4F7AB59E7}.AppStore|Any CPU.ActiveCfg = AppStore|iPhoneSimulator
		{6B189C85-7A0B-4B52-B3D3-E1B4F7AB59E7}.AppStore|ARM.ActiveCfg = AppStore|iPhoneSimulator
		{6B189C85-7A0B-4B52-B3D3-E1B4F7AB59E7}.AppStore|iPhone.ActiveCfg = AppStore|iPhone
		{6B189C85-7A0B-4B52-B3D3-E1B4F7AB59E7}.AppStore|iPhone.Build.0 = AppStore|iPhone
		{6B189C85-7A0B-4B52-B3D3-E1B4F7AB59E7}.AppStore|iPhoneSimulator.ActiveCfg = AppStore|iPhoneSimulator
		{6B189C85-7A0B-4B52-B3D3-E1B4F7AB59E7}.AppStore|iPhoneSimulator.Build.0 = AppStore|iPhoneSimulator
		{6B189C85-7A0B-4B52-B3D3-E1B4F7AB59E7}.AppStore|x64.ActiveCfg = AppStore|iPhoneSimulator
		{6B189C85-7A0B-4B52-B3D3-E1B4F7AB59E7}.AppStore|x86.ActiveCfg = AppStore|iPhoneSimulator
		{6B189C85-7A0B-4B52-B3D3-E1B4F7AB59E7}.Debug|Any CPU.ActiveCfg = Debug|iPhoneSimulator
		{6B189C85-7A0B-4B52-B3D3-E1B4F7AB59E7}.Debug|ARM.ActiveCfg = Debug|iPhoneSimulator
		{6B189C85-7A0B-4B52-B3D3-E1B4F7AB59E7}.Debug|iPhone.ActiveCfg = Debug|iPhone
		{6B189C85-7A0B-4B52-B3D3-E1B4F7AB59E7}.Debug|iPhone.Build.0 = Debug|iPhone
		{6B189C85-7A0B-4B52-B3D3-E1B4F7AB59E7}.Debug|iPhoneSimulator.ActiveCfg = Debug|iPhoneSimulator
		{6B189C85-7A0B-4B52-B3D3-E1B4F7AB59E7}.Debug|iPhoneSimulator.Build.0 = Debug|iPhoneSimulator
		{6B189C85-7A0B-4B52-B3D3-E1B4F7AB59E7}.Debug|x64.ActiveCfg = Debug|iPhoneSimulator
		{6B189C85-7A0B-4B52-B3D3-E1B4F7AB59E7}.Debug|x86.ActiveCfg = Debug|iPhoneSimulator
		{6B189C85-7A0B-4B52-B3D3-E1B4F7AB59E7}.Release|Any CPU.ActiveCfg = Release|iPhoneSimulator
		{6B189C85-7A0B-4B52-B3D3-E1B4F7AB59E7}.Release|ARM.ActiveCfg = Release|iPhoneSimulator
		{6B189C85-7A0B-4B52-B3D3-E1B4F7AB59E7}.Release|iPhone.ActiveCfg = Release|iPhone
		{6B189C85-7A0B-4B52-B3D3-E1B4F7AB59E7}.Release|iPhone.Build.0 = Release|iPhone
		{6B189C85-7A0B-4B52-B3D3-E1B4F7AB59E7}.Release|iPhoneSimulator.ActiveCfg = Release|iPhoneSimulator
		{6B189C85-7A0B-4B52-B3D3-E1B4F7AB59E7}.Release|iPhoneSimulator.Build.0 = Release|iPhoneSimulator
		{6B189C85-7A0B-4B52-B3D3-E1B4F7AB59E7}.Release|x64.ActiveCfg = Release|iPhoneSimulator
		{6B189C85-7A0B-4B52-B3D3-E1B4F7AB59E7}.Release|x86.ActiveCfg = Release|iPhoneSimulator
		{BFB87117-D0D1-4263-8823-A8A3E9435790}.Ad-Hoc|Any CPU.ActiveCfg = Debug|ARM
		{BFB87117-D0D1-4263-8823-A8A3E9435790}.Ad-Hoc|Any CPU.Build.0 = Debug|ARM
		{BFB87117-D0D1-4263-8823-A8A3E9435790}.Ad-Hoc|Any CPU.Deploy.0 = Debug|ARM
		{BFB87117-D0D1-4263-8823-A8A3E9435790}.Ad-Hoc|ARM.ActiveCfg = Debug|ARM
		{BFB87117-D0D1-4263-8823-A8A3E9435790}.Ad-Hoc|ARM.Build.0 = Debug|ARM
		{BFB87117-D0D1-4263-8823-A8A3E9435790}.Ad-Hoc|ARM.Deploy.0 = Debug|ARM
		{BFB87117-D0D1-4263-8823-A8A3E9435790}.Ad-Hoc|iPhone.ActiveCfg = Debug|ARM
		{BFB87117-D0D1-4263-8823-A8A3E9435790}.Ad-Hoc|iPhone.Build.0 = Debug|ARM
		{BFB87117-D0D1-4263-8823-A8A3E9435790}.Ad-Hoc|iPhone.Deploy.0 = Debug|ARM
		{BFB87117-D0D1-4263-8823-A8A3E9435790}.Ad-Hoc|iPhoneSimulator.ActiveCfg = Debug|ARM
		{BFB87117-D0D1-4263-8823-A8A3E9435790}.Ad-Hoc|iPhoneSimulator.Build.0 = Debug|ARM
		{BFB87117-D0D1-4263-8823-A8A3E9435790}.Ad-Hoc|iPhoneSimulator.Deploy.0 = Debug|ARM
		{BFB87117-D0D1-4263-8823-A8A3E9435790}.Ad-Hoc|x64.ActiveCfg = Debug|x64
		{BFB87117-D0D1-4263-8823-A8A3E9435790}.Ad-Hoc|x64.Build.0 = Debug|x64
		{BFB87117-D0D1-4263-8823-A8A3E9435790}.Ad-Hoc|x64.Deploy.0 = Debug|x64
		{BFB87117-D0D1-4263-8823-A8A3E9435790}.Ad-Hoc|x86.ActiveCfg = Debug|x86
		{BFB87117-D0D1-4263-8823-A8A3E9435790}.Ad-Hoc|x86.Build.0 = Debug|x86
		{BFB87117-D0D1-4263-8823-A8A3E9435790}.Ad-Hoc|x86.Deploy.0 = Debug|x86
		{BFB87117-D0D1-4263-8823-A8A3E9435790}.AppStore|Any CPU.ActiveCfg = Debug|ARM
		{BFB87117-D0D1-4263-8823-A8A3E9435790}.AppStore|Any CPU.Build.0 = Debug|ARM
		{BFB87117-D0D1-4263-8823-A8A3E9435790}.AppStore|Any CPU.Deploy.0 = Debug|ARM
		{BFB87117-D0D1-4263-8823-A8A3E9435790}.AppStore|ARM.ActiveCfg = Debug|ARM
		{BFB87117-D0D1-4263-8823-A8A3E9435790}.AppStore|ARM.Build.0 = Debug|ARM
		{BFB87117-D0D1-4263-8823-A8A3E9435790}.AppStore|ARM.Deploy.0 = Debug|ARM
		{BFB87117-D0D1-4263-8823-A8A3E9435790}.AppStore|iPhone.ActiveCfg = Debug|ARM
		{BFB87117-D0D1-4263-8823-A8A3E9435790}.AppStore|iPhone.Build.0 = Debug|ARM
		{BFB87117-D0D1-4263-8823-A8A3E9435790}.AppStore|iPhone.Deploy.0 = Debug|ARM
		{BFB87117-D0D1-4263-8823-A8A3E9435790}.AppStore|iPhoneSimulator.ActiveCfg = Debug|ARM
		{BFB87117-D0D1-4263-8823-A8A3E9435790}.AppStore|iPhoneSimulator.Build.0 = Debug|ARM
		{BFB87117-D0D1-4263-8823-A8A3E9435790}.AppStore|iPhoneSimulator.Deploy.0 = Debug|ARM
		{BFB87117-D0D1-4263-8823-A8A3E9435790}.AppStore|x64.ActiveCfg = Debug|x64
		{BFB87117-D0D1-4263-8823-A8A3E9435790}.AppStore|x64.Build.0 = Debug|x64
		{BFB87117-D0D1-4263-8823-A8A3E9435790}.AppStore|x64.Deploy.0 = Debug|x64
		{BFB87117-D0D1-4263-8823-A8A3E9435790}.AppStore|x86.ActiveCfg = Debug|x86
		{BFB87117-D0D1-4263-8823-A8A3E9435790}.AppStore|x86.Build.0 = Debug|x86
		{BFB87117-D0D1-4263-8823-A8A3E9435790}.AppStore|x86.Deploy.0 = Debug|x86
		{BFB87117-D0D1-4263-8823-A8A3E9435790}.Debug|Any CPU.ActiveCfg = Debug|x86
		{BFB87117-D0D1-4263-8823-A8A3E9435790}.Debug|ARM.ActiveCfg = Debug|ARM
		{BFB87117-D0D1-4263-8823-A8A3E9435790}.Debug|ARM.Build.0 = Debug|ARM
		{BFB87117-D0D1-4263-8823-A8A3E9435790}.Debug|ARM.Deploy.0 = Debug|ARM
		{BFB87117-D0D1-4263-8823-A8A3E9435790}.Debug|iPhone.ActiveCfg = Debug|x86
		{BFB87117-D0D1-4263-8823-A8A3E9435790}.Debug|iPhoneSimulator.ActiveCfg = Debug|x86
		{BFB87117-D0D1-4263-8823-A8A3E9435790}.Debug|x64.ActiveCfg = Debug|x64
		{BFB87117-D0D1-4263-8823-A8A3E9435790}.Debug|x64.Build.0 = Debug|x64
		{BFB87117-D0D1-4263-8823-A8A3E9435790}.Debug|x64.Deploy.0 = Debug|x64
		{BFB87117-D0D1-4263-8823-A8A3E9435790}.Debug|x86.ActiveCfg = Debug|x86
		{BFB87117-D0D1-4263-8823-A8A3E9435790}.Debug|x86.Build.0 = Debug|x86
		{BFB87117-D0D1-4263-8823-A8A3E9435790}.Debug|x86.Deploy.0 = Debug|x86
		{BFB87117-D0D1-4263-8823-A8A3E9435790}.Release|Any CPU.ActiveCfg = Release|x86
		{BFB87117-D0D1-4263-8823-A8A3E9435790}.Release|ARM.ActiveCfg = Release|ARM
		{BFB87117-D0D1-4263-8823-A8A3E9435790}.Release|ARM.Build.0 = Release|ARM
		{BFB87117-D0D1-4263-8823-A8A3E9435790}.Release|ARM.Deploy.0 = Release|ARM
		{BFB87117-D0D1-4263-8823-A8A3E9435790}.Release|iPhone.ActiveCfg = Release|x86
		{BFB87117-D0D1-4263-8823-A8A3E9435790}.Release|iPhoneSimulator.ActiveCfg = Release|x86
		{BFB87117-D0D1-4263-8823-A8A3E9435790}.Release|x64.ActiveCfg = Release|x64
		{BFB87117-D0D1-4263-8823-A8A3E9435790}.Release|x64.Build.0 = Release|x64
		{BFB87117-D0D1-4263-8823-A8A3E9435790}.Release|x64.Deploy.0 = Release|x64
		{BFB87117-D0D1-4263-8823-A8A3E9435790}.Release|x86.ActiveCfg = Release|x86
		{BFB87117-D0D1-4263-8823-A8A3E9435790}.Release|x86.Build.0 = Release|x86
		{BFB87117-D0D1-4263-8823-A8A3E9435790}.Release|x86.Deploy.0 = Release|x86
	EndGlobalSection
	GlobalSection(SolutionProperties) = preSolution
		HideSolutionNode = FALSE
	EndGlobalSection
	GlobalSection(ExtensibilityGlobals) = postSolution
		SolutionGuid = {7A1C7795-5016-4C07-BCF0-9A1A35F30A15}
	EndGlobalSection
EndGlobal
